
Microsoft Visual Studio Solution File, Format Version 12.00
# Visual Studio 2013
VisualStudioVersion = 12.0.21005.1
MinimumVisualStudioVersion = 10.0.40219.1
Project("{FAE04EC0-301F-11D3-BF4B-00C04F79EFBC}") = "ChessLogic", "ChessLogic\ChessLogic.csproj", "{39A3D29B-C9EB-4EF7-B739-A04C3989ECCC}"
EndProject
Project("{FAE04EC0-301F-11D3-BF4B-00C04F79EFBC}") = "ChessLogic.Tests", "ChessLogic.Tests\ChessLogic.Tests.csproj", "{0BF180D7-3BB9-4914-9696-8D6577CB9561}"
EndProject
Project("{FAE04EC0-301F-11D3-BF4B-00C04F79EFBC}") = "ConsoleTester", "ConsoleTester\ConsoleTester.csproj", "{FAD71BD5-8EA9-4C9C-8D05-B50B33B797E1}"
EndProject
Global
	GlobalSection(SolutionConfigurationPlatforms) = preSolution
		Debug|Any CPU = Debug|Any CPU
		Release|Any CPU = Release|Any CPU
	EndGlobalSection
	GlobalSection(ProjectConfigurationPlatforms) = postSolution
		{39A3D29B-C9EB-4EF7-B739-A04C3989ECCC}.Debug|Any CPU.ActiveCfg = Debug|Any CPU
		{39A3D29B-C9EB-4EF7-B739-A04C3989ECCC}.Debug|Any CPU.Build.0 = Debug|Any CPU
		{39A3D29B-C9EB-4EF7-B739-A04C3989ECCC}.Release|Any CPU.ActiveCfg = Release|Any CPU
		{39A3D29B-C9EB-4EF7-B739-A04C3989ECCC}.Release|Any CPU.Build.0 = Release|Any CPU
		{0BF180D7-3BB9-4914-9696-8D6577CB9561}.Debug|Any CPU.ActiveCfg = Debug|Any CPU
		{0BF180D7-3BB9-4914-9696-8D6577CB9561}.Debug|Any CPU.Build.0 = Debug|Any CPU
		{0BF180D7-3BB9-4914-9696-8D6577CB9561}.Release|Any CPU.ActiveCfg = Release|Any CPU
		{0BF180D7-3BB9-4914-9696-8D6577CB9561}.Release|Any CPU.Build.0 = Release|Any CPU
		{FAD71BD5-8EA9-4C9C-8D05-B50B33B797E1}.Debug|Any CPU.ActiveCfg = Debug|Any CPU
		{FAD71BD5-8EA9-4C9C-8D05-B50B33B797E1}.Debug|Any CPU.Build.0 = Debug|Any CPU
		{FAD71BD5-8EA9-4C9C-8D05-B50B33B797E1}.Release|Any CPU.ActiveCfg = Release|Any CPU
		{FAD71BD5-8EA9-4C9C-8D05-B50B33B797E1}.Release|Any CPU.Build.0 = Release|Any CPU
	EndGlobalSection
	GlobalSection(SolutionProperties) = preSolution
		HideSolutionNode = FALSE
	EndGlobalSection
EndGlobal
